// !$*UTF8*$!
{
	archiveVersion = 1;
	classes = {
	};
	objectVersion = 50;
	objects = {

/* Begin PBXBuildFile section */
		5DC8DC2526EBA35E00F87215 /* AppDelegate.swift in Sources */ = {isa = PBXBuildFile; fileRef = 5DC8DC2426EBA35E00F87215 /* AppDelegate.swift */; };
		5DC8DC2726EBA35E00F87215 /* SceneDelegate.swift in Sources */ = {isa = PBXBuildFile; fileRef = 5DC8DC2626EBA35E00F87215 /* SceneDelegate.swift */; };
		5DC8DC2926EBA35E00F87215 /* ViewController.swift in Sources */ = {isa = PBXBuildFile; fileRef = 5DC8DC2826EBA35E00F87215 /* ViewController.swift */; };
		5DC8DC2C26EBA35E00F87215 /* Main.storyboard in Resources */ = {isa = PBXBuildFile; fileRef = 5DC8DC2A26EBA35E00F87215 /* Main.storyboard */; };
		5DC8DC2E26EBA35E00F87215 /* Assets.xcassets in Resources */ = {isa = PBXBuildFile; fileRef = 5DC8DC2D26EBA35E00F87215 /* Assets.xcassets */; };
		5DC8DC3126EBA35E00F87215 /* LaunchScreen.storyboard in Resources */ = {isa = PBXBuildFile; fileRef = 5DC8DC2F26EBA35E00F87215 /* LaunchScreen.storyboard */; };
		5DC8DC3B26EBA41700F87215 /* Toast.swift in Sources */ = {isa = PBXBuildFile; fileRef = 5DC8DC3A26EBA41700F87215 /* Toast.swift */; };
/* End PBXBuildFile section */

/* Begin PBXFileReference section */
		5DC8DC2126EBA35E00F87215 /* BmiCalulator.app */ = {isa = PBXFileReference; explicitFileType = wrapper.application; includeInIndex = 0; path = BmiCalulator.app; sourceTree = BUILT_PRODUCTS_DIR; };
		5DC8DC2426EBA35E00F87215 /* AppDelegate.swift */ = {isa = PBXFileReference; lastKnownFileType = sourcecode.swift; path = AppDelegate.swift; sourceTree = "<group>"; };
		5DC8DC2626EBA35E00F87215 /* SceneDelegate.swift */ = {isa = PBXFileReference; lastKnownFileType = sourcecode.swift; path = SceneDelegate.swift; sourceTree = "<group>"; };
		5DC8DC2826EBA35E00F87215 /* ViewController.swift */ = {isa = PBXFileReference; lastKnownFileType = sourcecode.swift; path = ViewController.swift; sourceTree = "<group>"; };
		5DC8DC2B26EBA35E00F87215 /* Base */ = {isa = PBXFileReference; lastKnownFileType = file.storyboard; name = Base; path = Base.lproj/Main.storyboard; sourceTree = "<group>"; };
		5DC8DC2D26EBA35E00F87215 /* Assets.xcassets */ = {isa = PBXFileReference; lastKnownFileType = folder.assetcatalog; path = Assets.xcassets; sourceTree = "<group>"; };
		5DC8DC3026EBA35E00F87215 /* Base */ = {isa = PBXFileReference; lastKnownFileType = file.storyboard; name = Base; path = Base.lproj/LaunchScreen.storyboard; sourceTree = "<group>"; };
		5DC8DC3226EBA35E00F87215 /* Info.plist */ = {isa = PBXFileReference; lastKnownFileType = text.plist.xml; path = Info.plist; sourceTree = "<group>"; };
		5DC8DC3A26EBA41700F87215 /* Toast.swift */ = {isa = PBXFileReference; fileEncoding = 4; lastKnownFileType = sourcecode.swift; path = Toast.swift; sourceTree = "<group>"; };
/* End PBXFileReference section */

/* Begin PBXFrameworksBuildPhase section */
		5DC8DC1E26EBA35E00F87215 /* Frameworks */ = {
			isa = PBXFrameworksBuildPhase;
			buildActionMask = 2147483647;
			files = (
			);
			runOnlyForDeploymentPostprocessing = 0;
		};
/* End PBXFrameworksBuildPhase section */

/* Begin PBXGroup section */
		5DC8DC1826EBA35E00F87215 = {
			isa = PBXGroup;
			children = (
				5DC8DC2326EBA35E00F87215 /* BmiCalulator */,
				5DC8DC2226EBA35E00F87215 /* Products */,
			);
			sourceTree = "<group>";
		};
		5DC8DC2226EBA35E00F87215 /* Products */ = {
			isa = PBXGroup;
			children = (
				5DC8DC2126EBA35E00F87215 /* BmiCalulator.app */,
			);
			name = Products;
			sourceTree = "<group>";
		};
		5DC8DC2326EBA35E00F87215 /* BmiCalulator */ = {
			isa = PBXGroup;
			children = (
				5DC8DC3A26EBA41700F87215 /* Toast.swift */,
				5DC8DC2426EBA35E00F87215 /* AppDelegate.swift */,
				5DC8DC2626EBA35E00F87215 /* SceneDelegate.swift */,
				5DC8DC2826EBA35E00F87215 /* ViewController.swift */,
				5DC8DC2A26EBA35E00F87215 /* Main.storyboard */,
				5DC8DC2D26EBA35E00F87215 /* Assets.xcassets */,
				5DC8DC2F26EBA35E00F87215 /* LaunchScreen.storyboard */,
				5DC8DC3226EBA35E00F87215 /* Info.plist */,
			);
			path = BmiCalulator;
			sourceTree = "<group>";
		};
/* End PBXGroup section */

/* Begin PBXNativeTarget section */
		5DC8DC2026EBA35E00F87215 /* BmiCalulator */ = {
			isa = PBXNativeTarget;
			buildConfigurationList = 5DC8DC3526EBA35E00F87215 /* Build configuration list for PBXNativeTarget "BmiCalulator" */;
			buildPhases = (
				5DC8DC1D26EBA35E00F87215 /* Sources */,
				5DC8DC1E26EBA35E00F87215 /* Frameworks */,
				5DC8DC1F26EBA35E00F87215 /* Resources */,
			);
			buildRules = (
			);
			dependencies = (
			);
			name = BmiCalulator;
			productName = BmiCalulator;
			productReference = 5DC8DC2126EBA35E00F87215 /* BmiCalulator.app */;
			productType = "com.apple.product-type.application";
		};
/* End PBXNativeTarget section */

/* Begin PBXProject section */
		5DC8DC1926EBA35E00F87215 /* Project object */ = {
			isa = PBXProject;
			attributes = {
				LastSwiftUpdateCheck = 1230;
				LastUpgradeCheck = 1230;
				TargetAttributes = {
					5DC8DC2026EBA35E00F87215 = {
						CreatedOnToolsVersion = 12.3;
					};
				};
			};
			buildConfigurationList = 5DC8DC1C26EBA35E00F87215 /* Build configuration list for PBXProject "BmiCalulator" */;
			compatibilityVersion = "Xcode 9.3";
			developmentRegion = en;
			hasScannedForEncodings = 0;
			knownRegions = (
				en,
				Base,
			);
			mainGroup = 5DC8DC1826EBA35E00F87215;
			productRefGroup = 5DC8DC2226EBA35E00F87215 /* Products */;
			projectDirPath = "";
			projectRoot = "";
			targets = (
				5DC8DC2026EBA35E00F87215 /* BmiCalulator */,
			);
		};
/* End PBXProject section */

/* Begin PBXResourcesBuildPhase section */
		5DC8DC1F26EBA35E00F87215 /* Resources */ = {
			isa = PBXResourcesBuildPhase;
			buildActionMask = 2147483647;
			files = (
				5DC8DC3126EBA35E00F87215 /* LaunchScreen.storyboard in Resources */,
				5DC8DC2E26EBA35E00F87215 /* Assets.xcassets in Resources */,
				5DC8DC2C26EBA35E00F87215 /* Main.storyboard in Resources */,
			);
			runOnlyForDeploymentPostprocessing = 0;
		};
/* End PBXResourcesBuildPhase section */

/* Begin PBXSourcesBuildPhase section */
		5DC8DC1D26EBA35E00F87215 /* Sources */ = {
			isa = PBXSourcesBuildPhase;
			buildActionMask = 2147483647;
			files = (
				5DC8DC2926EBA35E00F87215 /* ViewController.swift in Sources */,
				5DC8DC3B26EBA41700F87215 /* Toast.swift in Sources */,
				5DC8DC2526EBA35E00F87215 /* AppDelegate.swift in Sources */,
				5DC8DC2726EBA35E00F87215 /* SceneDelegate.swift in Sources */,
			);
			runOnlyForDeploymentPostprocessing = 0;
		};
/* End PBXSourcesBuildPhase section */

/* Begin PBXVariantGroup section */
		5DC8DC2A26EBA35E00F87215 /* Main.storyboard */ = {
			isa = PBXVariantGroup;
			children = (
				5DC8DC2B26EBA35E00F87215 /* Base */,
			);
			name = Main.storyboard;
			sourceTree = "<group>";
		};
		5DC8DC2F26EBA35E00F87215 /* LaunchScreen.storyboard */ = {
			isa = PBXVariantGroup;
			children = (
				5DC8DC3026EBA35E00F87215 /* Base */,
			);
			name = LaunchScreen.storyboard;
			sourceTree = "<group>";
		};
/* End PBXVariantGroup section */

/* Begin XCBuildConfiguration section */
		5DC8DC3326EBA35E00F87215 /* Debug */ = {
			isa = XCBuildConfiguration;
			buildSettings = {
				ALWAYS_SEARCH_USER_PATHS = NO;
				CLANG_ANALYZER_NONNULL = YES;
				CLANG_ANALYZER_NUMBER_OBJECT_CONVERSION = YES_AGGRESSIVE;
				CLANG_CXX_LANGUAGE_STANDARD = "gnu++14";
				CLANG_CXX_LIBRARY = "libc++";
				CLANG_ENABLE_MODULES = YES;
				CLANG_ENABLE_OBJC_ARC = YES;
				CLANG_ENABLE_OBJC_WEAK = YES;
				CLANG_WARN_BLOCK_CAPTURE_AUTORELEASING = YES;
				CLANG_WARN_BOOL_CONVERSION = YES;
				CLANG_WARN_COMMA = YES;
				CLANG_WARN_CONSTANT_CONVERSION = YES;
				CLANG_WARN_DEPRECATED_OBJC_IMPLEMENTATIONS = YES;
				CLANG_WARN_DIRECT_OBJC_ISA_USAGE = YES_ERROR;
				CLANG_WARN_DOCUMENTATION_COMMENTS = YES;
				CLANG_WARN_EMPTY_BODY = YES;
				CLANG_WARN_ENUM_CONVERSION = YES;
				CLANG_WARN_INFINITE_RECURSION = YES;
				CLANG_WARN_INT_CONVERSION = YES;
				CLANG_WARN_NON_LITERAL_NULL_CONVERSION = YES;
				CLANG_WARN_OBJC_IMPLICIT_RETAIN_SELF = YES;
				CLANG_WARN_OBJC_LITERAL_CONVERSION = YES;
				CLANG_WARN_OBJC_ROOT_CLASS = YES_ERROR;
				CLANG_WARN_QUOTED_INCLUDE_IN_FRAMEWORK_HEADER = YES;
				CLANG_WARN_RANGE_LOOP_ANALYSIS = YES;
				CLANG_WARN_STRICT_PROTOTYPES = YES;
				CLANG_WARN_SUSPICIOUS_MOVE = YES;
				CLANG_WARN_UNGUARDED_AVAILABILITY = YES_AGGRESSIVE;
				CLANG_WARN_UNREACHABLE_CODE = YES;
				CLANG_WARN__DUPLICATE_METHOD_MATCH = YES;
				COPY_PHASE_STRIP = NO;
				DEBUG_INFORMATION_FORMAT = dwarf;
				ENABLE_STRICT_OBJC_MSGSEND = YES;
				ENABLE_TESTABILITY = YES;
				GCC_C_LANGUAGE_STANDARD = gnu11;
				GCC_DYNAMIC_NO_PIC = NO;
				GCC_NO_COMMON_BLOCKS = YES;
				GCC_OPTIMIZATION_LEVEL = 0;
				GCC_PREPROCESSOR_DEFINITIONS = (
					"DEBUG=1",
					"$(inherited)",
				);
				GCC_WARN_64_TO_32_BIT_CONVERSION = YES;
				GCC_WARN_ABOUT_RETURN_TYPE = YES_ERROR;
				GCC_WARN_UNDECLARED_SELECTOR = YES;
				GCC_WARN_UNINITIALIZED_AUTOS = YES_AGGRESSIVE;
				GCC_WARN_UNUSED_FUNCTION = YES;
				GCC_WARN_UNUSED_VARIABLE = YES;
				IPHONEOS_DEPLOYMENT_TARGET = 14.3;
				MTL_ENABLE_DEBUG_INFO = INCLUDE_SOURCE;
				MTL_FAST_MATH = YES;
				ONLY_ACTIVE_ARCH = YES;
				SDKROOT = iphoneos;
				SWIFT_ACTIVE_COMPILATION_CONDITIONS = DEBUG;
				SWIFT_OPTIMIZATION_LEVEL = "-Onone";
			};
			name = Debug;
		};
		5DC8DC3426EBA35E00F87215 /* Release */ = {
			isa = XCBuildConfiguration;
			buildSettings = {
				ALWAYS_SEARCH_USER_PATHS = NO;
				CLANG_ANALYZER_NONNULL = YES;
				CLANG_ANALYZER_NUMBER_OBJECT_CONVERSION = YES_AGGRESSIVE;
				CLANG_CXX_LANGUAGE_STANDARD = "gnu++14";
				CLANG_CXX_LIBRARY = "libc++";
				CLANG_ENABLE_MODULES = YES;
				CLANG_ENABLE_OBJC_ARC = YES;
				CLANG_ENABLE_OBJC_WEAK = YES;
				CLANG_WARN_BLOCK_CAPTURE_AUTORELEASING = YES;
				CLANG_WARN_BOOL_CONVERSION = YES;
				CLANG_WARN_COMMA = YES;
				CLANG_WARN_CONSTANT_CONVERSION = YES;
				CLANG_WARN_DEPRECATED_OBJC_IMPLEMENTATIONS = YES;
				CLANG_WARN_DIRECT_OBJC_ISA_USAGE = YES_ERROR;
				CLANG_WARN_DOCUMENTATION_COMMENTS = YES;
				CLANG_WARN_EMPTY_BODY = YES;
				CLANG_WARN_ENUM_CONVERSION = YES;
				CLANG_WARN_INFINITE_RECURSION = YES;
				CLANG_WARN_INT_CONVERSION = YES;
				CLANG_WARN_NON_LITERAL_NULL_CONVERSION = YES;
				CLANG_WARN_OBJC_IMPLICIT_RETAIN_SELF = YES;
				CLANG_WARN_OBJC_LITERAL_CONVERSION = YES;
				CLANG_WARN_OBJC_ROOT_CLASS = YES_ERROR;
				CLANG_WARN_QUOTED_INCLUDE_IN_FRAMEWORK_HEADER = YES;
				CLANG_WARN_RANGE_LOOP_ANALYSIS = YES;
				CLANG_WARN_STRICT_PROTOTYPES = YES;
				CLANG_WARN_SUSPICIOUS_MOVE = YES;
				CLANG_WARN_UNGUARDED_AVAILABILITY = YES_AGGRESSIVE;
				CLANG_WARN_UNREACHABLE_CODE = YES;
				CLANG_WARN__DUPLICATE_METHOD_MATCH = YES;
				COPY_PHASE_STRIP = NO;
				DEBUG_INFORMATION_FORMAT = "dwarf-with-dsym";
				ENABLE_NS_ASSERTIONS = NO;
				ENABLE_STRICT_OBJC_MSGSEND = YES;
				GCC_C_LANGUAGE_STANDARD = gnu11;
				GCC_NO_COMMON_BLOCKS = YES;
				GCC_WARN_64_TO_32_BIT_CONVERSION = YES;
				GCC_WARN_ABOUT_RETURN_TYPE = YES_ERROR;
				GCC_WARN_UNDECLARED_SELECTOR = YES;
				GCC_WARN_UNINITIALIZED_AUTOS = YES_AGGRESSIVE;
				GCC_WARN_UNUSED_FUNCTION = YES;
				GCC_WARN_UNUSED_VARIABLE = YES;
				IPHONEOS_DEPLOYMENT_TARGET = 14.3;
				MTL_ENABLE_DEBUG_INFO = NO;
				MTL_FAST_MATH = YES;
				SDKROOT = iphoneos;
				SWIFT_COMPILATION_MODE = wholemodule;
				SWIFT_OPTIMIZATION_LEVEL = "-O";
				VALIDATE_PRODUCT = YES;
			};
			name = Release;
		};
		5DC8DC3626EBA35E00F87215 /* Debug */ = {
			isa = XCBuildConfiguration;
			buildSettings = {
				ASSETCATALOG_COMPILER_APPICON_NAME = AppIcon;
				ASSETCATALOG_COMPILER_GLOBAL_ACCENT_COLOR_NAME = AccentColor;
				CODE_SIGN_STYLE = Automatic;
				INFOPLIST_FILE = BmiCalulator/Info.plist;
				LD_RUNPATH_SEARCH_PATHS = (
					"$(inherited)",
					"@executable_path/Frameworks",
				);
				PRODUCT_BUNDLE_IDENTIFIER = "Thanh-Thao.BmiCalulator";
				PRODUCT_NAME = "$(TARGET_NAME)";
				SWIFT_VERSION = 5.0;
				TARGETED_DEVICE_FAMILY = "1,2";
			};
			name = Debug;
		};
		5DC8DC3726EBA35E00F87215 /* Release */ = {
			isa = XCBuildConfiguration;
			buildSettings = {
				ASSETCATALOG_COMPILER_APPICON_NAME = AppIcon;
				ASSETCATALOG_COMPILER_GLOBAL_ACCENT_COLOR_NAME = AccentColor;
				CODE_SIGN_STYLE = Automatic;
				INFOPLIST_FILE = BmiCalulator/Info.plist;
				LD_RUNPATH_SEARCH_PATHS = (
					"$(inherited)",
					"@executable_path/Frameworks",
				);
				PRODUCT_BUNDLE_IDENTIFIER = "Thanh-Thao.BmiCalulator";
				PRODUCT_NAME = "$(TARGET_NAME)";
				SWIFT_VERSION = 5.0;
				TARGETED_DEVICE_FAMILY = "1,2";
			};
			name = Release;
		};
/* End XCBuildConfiguration section */

/* Begin XCConfigurationList section */
		5DC8DC1C26EBA35E00F87215 /* Build configuration list for PBXProject "BmiCalulator" */ = {
			isa = XCConfigurationList;
			buildConfigurations = (
				5DC8DC3326EBA35E00F87215 /* Debug */,
				5DC8DC3426EBA35E00F87215 /* Release */,
			);
			defaultConfigurationIsVisible = 0;
			defaultConfigurationName = Release;
		};
		5DC8DC3526EBA35E00F87215 /* Build configuration list for PBXNativeTarget "BmiCalulator" */ = {
			isa = XCConfigurationList;
			buildConfigurations = (
				5DC8DC3626EBA35E00F87215 /* Debug */,
				5DC8DC3726EBA35E00F87215 /* Release */,
			);
			defaultConfigurationIsVisible = 0;
			defaultConfigurationName = Release;
		};
/* End XCConfigurationList section */
	};
	rootObject = 5DC8DC1926EBA35E00F87215 /* Project object */;
}
